<?xml version="1.0" encoding="utf-8"?>
<Project ToolsVersion="4.0" xmlns="http://schemas.microsoft.com/developer/msbuild/2003">
  <ItemGroup>
    <Filter Include="Source Files">
      <UniqueIdentifier>{4FC737F1-C7A5-4376-A066-2A32D752A2FF}</UniqueIdentifier>
      <Extensions>cpp;c;cc;cxx;def;odl;idl;hpj;bat;asm;asmx</Extensions>
    </Filter>
    <Filter Include="Header Files">
      <UniqueIdentifier>{93995380-89BD-4b04-88EB-625FBE52EBFB}</UniqueIdentifier>
      <Extensions>h;hpp;hxx;hm;inl;inc;xsd</Extensions>
    </Filter>
    <Filter Include="Resource Files">
      <UniqueIdentifier>{67DA6AB6-F800-4c08-8B7A-83BB121AAD01}</UniqueIdentifier>
      <Extensions>rc;ico;cur;bmp;dlg;rc2;rct;bin;rgs;gif;jpg;jpeg;jpe;resx;tiff;tif;png;wav</Extensions>
    </Filter>
  </ItemGroup>
  <ItemGroup>
    <ClInclude Include="OrderProcessing.hpp">
      <Filter>Header Files</Filter>
    </ClInclude>
    <ClInclude Include="LegacyClasses.hpp">
      <Filter>Header Files</Filter>
    </ClInclude>
    <ClInclude Include="AssemblyLineTemplate.hpp">
      <Filter>Header Files</Filter>
    </ClInclude>
    <ClInclude Include="AssemblyState.hpp">
      <Filter>Header Files</Filter>
    </ClInclude>
    <ClInclude Include="StringUtils.hpp">
      <Filter>Header Files</Filter>
    </ClInclude>
    <ClInclude Include="InjectionLineComponents.hpp">
      <Filter>Header Files</Filter>
    </ClInclude>
    <ClInclude Include="AssemblyLines.hpp">
      <Filter>Header Files</Filter>
    </ClInclude>
    <ClInclude Include="RecipeComponents.hpp">
      <Filter>Header Files</Filter>
    </ClInclude>
    <ClInclude Include="MoldMetal.hpp">
      <Filter>Header Files</Filter>
    </ClInclude>
    <ClInclude Include="MillingPlatform.hpp">
      <Filter>Header Files</Filter>
    </ClInclude>
    <ClInclude Include="InjectionCycleStrategy.hpp">
      <Filter>Header Files</Filter>
    </ClInclude>
    <ClInclude Include="OutputBinObserver.hpp">
      <Filter>Header Files</Filter>
    </ClInclude>
    <ClInclude Include="CleaningStepStrategy.hpp">
      <Filter>Header Files</Filter>
    </ClInclude>
    <ClInclude Include="OrderScale.hpp">
      <Filter>Header Files</Filter>
    </ClInclude>
  </ItemGroup>
  <ItemGroup>
    <ClCompile Include="InjectionMoldingDemo.cpp">
      <Filter>Source Files</Filter>
    </ClCompile>
    <ClCompile Include="OrderProcessing.cpp">
      <Filter>Source Files</Filter>
    </ClCompile>
    <ClCompile Include="AssemblyLineTemplate.cpp">
      <Filter>Source Files</Filter>
    </ClCompile>
    <ClCompile Include="AssemblyState.cpp">
      <Filter>Source Files</Filter>
    </ClCompile>
    <ClCompile Include="StringUtils.cpp">
      <Filter>Source Files</Filter>
    </ClCompile>
    <ClCompile Include="AssemblyLines.cpp">
      <Filter>Source Files</Filter>
    </ClCompile>
    <ClCompile Include="InjectionLineComponents.cpp">
      <Filter>Source Files</Filter>
    </ClCompile>
    <ClCompile Include="MoldMetal.cpp">
      <Filter>Source Files</Filter>
    </ClCompile>
    <ClCompile Include="MillingPlatform.cpp">
      <Filter>Source Files</Filter>
    </ClCompile>
    <ClCompile Include="InjectionCycleStrategy.cpp">
      <Filter>Source Files</Filter>
    </ClCompile>
    <ClCompile Include="OutputBinObserver.cpp">
      <Filter>Source Files</Filter>
    </ClCompile>
    <ClCompile Include="OrderScale.cpp">
      <Filter>Source Files</Filter>
    </ClCompile>
  </ItemGroup>
</Project>